{
  "nodes": {
    "nixpkgs": {
      "locked": {
        "lastModified": 1598397221,
        "narHash": "sha256-Q5SSWfq43fo6WuaDTgpa9pM1Wp5NBTg9/gMyB/sM20Y=",
        "owner": "NixOS",
        "repo": "nixpkgs",
        "rev": "4dee731f4a4175d28db91cdd02e92ba066c49c8b",
        "type": "github"
      },
      "original": {
        "id": "nixpkgs",
        "type": "indirect"
      }
    },
    "root": {
      "inputs": {
        "nixpkgs": "nixpkgs"
      }
    }
  },
  "root": "root",
  "version": 7
}
